
Microsoft Visual Studio Solution File, Format Version 12.00
# Visual Studio 14
VisualStudioVersion = 14.0.25420.1
MinimumVisualStudioVersion = 10.0.40219.1
Project("{FAE04EC0-301F-11D3-BF4B-00C04F79EFBC}") = "WoopClient.Droid", "WoopClient\WoopClient.Droid\WoopClient.Droid.csproj", "{06BEE941-3CE2-427F-A47A-91ADCD26239A}"
EndProject
Project("{FAE04EC0-301F-11D3-BF4B-00C04F79EFBC}") = "WoopClient.iOS", "WoopClient\WoopClient.iOS\WoopClient.iOS.csproj", "{AB03D4E2-63B5-4334-B4C7-096741345AA0}"
EndProject
Project("{FAE04EC0-301F-11D3-BF4B-00C04F79EFBC}") = "WoopClient.WinPhone", "WoopClient\WoopClient.WinPhone\WoopClient.WinPhone.csproj", "{D0FC537C-4817-43BD-8D87-9B80931E5151}"
EndProject
Project("{FAE04EC0-301F-11D3-BF4B-00C04F79EFBC}") = "WoopClient.UWP", "WoopClient\WoopClient.UWP\WoopClient.UWP.csproj", "{5E0EED92-C859-42C0-AB32-EE84AB693768}"
EndProject
Project("{FAE04EC0-301F-11D3-BF4B-00C04F79EFBC}") = "WoopClient.Windows", "WoopClient\WoopClient.Windows\WoopClient.Windows.csproj", "{F8B20D06-C402-4F63-A974-2F04D2A8EA46}"
EndProject
Project("{FAE04EC0-301F-11D3-BF4B-00C04F79EFBC}") = "WoopClient", "WoopClient\WoopClient\WoopClient.csproj", "{FE743100-1FC5-4806-BA0A-C02D9E94D06D}"
EndProject
Project("{2150E333-8FDC-42A3-9474-1A3956D46DE8}") = "2 Clients", "2 Clients", "{E0D25800-04C0-4869-87C9-520ED7CC664F}"
EndProject
Project("{2150E333-8FDC-42A3-9474-1A3956D46DE8}") = "1 Shared", "1 Shared", "{E20A77BF-5FA7-496A-A121-26046398E49B}"
EndProject
Project("{2150E333-8FDC-42A3-9474-1A3956D46DE8}") = "Tests", "Tests", "{9802A879-5067-47F4-8074-96F2600EE82D}"
EndProject
Project("{FAE04EC0-301F-11D3-BF4B-00C04F79EFBC}") = "WoopClient.Tests", "WoopClient.Tests\WoopClient.Tests.csproj", "{0FB3C174-882E-4CDE-AE68-D746F7CA7243}"
EndProject
Global
	GlobalSection(SolutionConfigurationPlatforms) = preSolution
		Ad-Hoc|Any CPU = Ad-Hoc|Any CPU
		Ad-Hoc|ARM = Ad-Hoc|ARM
		Ad-Hoc|iPhone = Ad-Hoc|iPhone
		Ad-Hoc|iPhoneSimulator = Ad-Hoc|iPhoneSimulator
		Ad-Hoc|x64 = Ad-Hoc|x64
		Ad-Hoc|x86 = Ad-Hoc|x86
		AppStore|Any CPU = AppStore|Any CPU
		AppStore|ARM = AppStore|ARM
		AppStore|iPhone = AppStore|iPhone
		AppStore|iPhoneSimulator = AppStore|iPhoneSimulator
		AppStore|x64 = AppStore|x64
		AppStore|x86 = AppStore|x86
		Debug|Any CPU = Debug|Any CPU
		Debug|ARM = Debug|ARM
		Debug|iPhone = Debug|iPhone
		Debug|iPhoneSimulator = Debug|iPhoneSimulator
		Debug|x64 = Debug|x64
		Debug|x86 = Debug|x86
		Release|Any CPU = Release|Any CPU
		Release|ARM = Release|ARM
		Release|iPhone = Release|iPhone
		Release|iPhoneSimulator = Release|iPhoneSimulator
		Release|x64 = Release|x64
		Release|x86 = Release|x86
	EndGlobalSection
	GlobalSection(ProjectConfigurationPlatforms) = postSolution
		{06BEE941-3CE2-427F-A47A-91ADCD26239A}.Ad-Hoc|Any CPU.ActiveCfg = Release|Any CPU
		{06BEE941-3CE2-427F-A47A-91ADCD26239A}.Ad-Hoc|Any CPU.Build.0 = Release|Any CPU
		{06BEE941-3CE2-427F-A47A-91ADCD26239A}.Ad-Hoc|Any CPU.Deploy.0 = Release|Any CPU
		{06BEE941-3CE2-427F-A47A-91ADCD26239A}.Ad-Hoc|ARM.ActiveCfg = Release|Any CPU
		{06BEE941-3CE2-427F-A47A-91ADCD26239A}.Ad-Hoc|ARM.Build.0 = Release|Any CPU
		{06BEE941-3CE2-427F-A47A-91ADCD26239A}.Ad-Hoc|ARM.Deploy.0 = Release|Any CPU
		{06BEE941-3CE2-427F-A47A-91ADCD26239A}.Ad-Hoc|iPhone.ActiveCfg = Release|Any CPU
		{06BEE941-3CE2-427F-A47A-91ADCD26239A}.Ad-Hoc|iPhone.Build.0 = Release|Any CPU
		{06BEE941-3CE2-427F-A47A-91ADCD26239A}.Ad-Hoc|iPhone.Deploy.0 = Release|Any CPU
		{06BEE941-3CE2-427F-A47A-91ADCD26239A}.Ad-Hoc|iPhoneSimulator.ActiveCfg = Release|Any CPU
		{06BEE941-3CE2-427F-A47A-91ADCD26239A}.Ad-Hoc|iPhoneSimulator.Build.0 = Release|Any CPU
		{06BEE941-3CE2-427F-A47A-91ADCD26239A}.Ad-Hoc|iPhoneSimulator.Deploy.0 = Release|Any CPU
		{06BEE941-3CE2-427F-A47A-91ADCD26239A}.Ad-Hoc|x64.ActiveCfg = Release|Any CPU
		{06BEE941-3CE2-427F-A47A-91ADCD26239A}.Ad-Hoc|x64.Build.0 = Release|Any CPU
		{06BEE941-3CE2-427F-A47A-91ADCD26239A}.Ad-Hoc|x64.Deploy.0 = Release|Any CPU
		{06BEE941-3CE2-427F-A47A-91ADCD26239A}.Ad-Hoc|x86.ActiveCfg = Release|Any CPU
		{06BEE941-3CE2-427F-A47A-91ADCD26239A}.Ad-Hoc|x86.Build.0 = Release|Any CPU
		{06BEE941-3CE2-427F-A47A-91ADCD26239A}.Ad-Hoc|x86.Deploy.0 = Release|Any CPU
		{06BEE941-3CE2-427F-A47A-91ADCD26239A}.AppStore|Any CPU.ActiveCfg = Release|Any CPU
		{06BEE941-3CE2-427F-A47A-91ADCD26239A}.AppStore|Any CPU.Build.0 = Release|Any CPU
		{06BEE941-3CE2-427F-A47A-91ADCD26239A}.AppStore|Any CPU.Deploy.0 = Release|Any CPU
		{06BEE941-3CE2-427F-A47A-91ADCD26239A}.AppStore|ARM.ActiveCfg = Release|Any CPU
		{06BEE941-3CE2-427F-A47A-91ADCD26239A}.AppStore|ARM.Build.0 = Release|Any CPU
		{06BEE941-3CE2-427F-A47A-91ADCD26239A}.AppStore|ARM.Deploy.0 = Release|Any CPU
		{06BEE941-3CE2-427F-A47A-91ADCD26239A}.AppStore|iPhone.ActiveCfg = Release|Any CPU
		{06BEE941-3CE2-427F-A47A-91ADCD26239A}.AppStore|iPhone.Build.0 = Release|Any CPU
		{06BEE941-3CE2-427F-A47A-91ADCD26239A}.AppStore|iPhone.Deploy.0 = Release|Any CPU
		{06BEE941-3CE2-427F-A47A-91ADCD26239A}.AppStore|iPhoneSimulator.ActiveCfg = Release|Any CPU
		{06BEE941-3CE2-427F-A47A-91ADCD26239A}.AppStore|iPhoneSimulator.Build.0 = Release|Any CPU
		{06BEE941-3CE2-427F-A47A-91ADCD26239A}.AppStore|iPhoneSimulator.Deploy.0 = Release|Any CPU
		{06BEE941-3CE2-427F-A47A-91ADCD26239A}.AppStore|x64.ActiveCfg = Release|Any CPU
		{06BEE941-3CE2-427F-A47A-91ADCD26239A}.AppStore|x64.Build.0 = Release|Any CPU
		{06BEE941-3CE2-427F-A47A-91ADCD26239A}.AppStore|x64.Deploy.0 = Release|Any CPU
		{06BEE941-3CE2-427F-A47A-91ADCD26239A}.AppStore|x86.ActiveCfg = Release|Any CPU
		{06BEE941-3CE2-427F-A47A-91ADCD26239A}.AppStore|x86.Build.0 = Release|Any CPU
		{06BEE941-3CE2-427F-A47A-91ADCD26239A}.AppStore|x86.Deploy.0 = Release|Any CPU
		{06BEE941-3CE2-427F-A47A-91ADCD26239A}.Debug|Any CPU.ActiveCfg = Debug|Any CPU
		{06BEE941-3CE2-427F-A47A-91ADCD26239A}.Debug|Any CPU.Build.0 = Debug|Any CPU
		{06BEE941-3CE2-427F-A47A-91ADCD26239A}.Debug|Any CPU.Deploy.0 = Debug|Any CPU
		{06BEE941-3CE2-427F-A47A-91ADCD26239A}.Debug|ARM.ActiveCfg = Debug|Any CPU
		{06BEE941-3CE2-427F-A47A-91ADCD26239A}.Debug|ARM.Build.0 = Debug|Any CPU
		{06BEE941-3CE2-427F-A47A-91ADCD26239A}.Debug|ARM.Deploy.0 = Debug|Any CPU
		{06BEE941-3CE2-427F-A47A-91ADCD26239A}.Debug|iPhone.ActiveCfg = Debug|Any CPU
		{06BEE941-3CE2-427F-A47A-91ADCD26239A}.Debug|iPhone.Build.0 = Debug|Any CPU
		{06BEE941-3CE2-427F-A47A-91ADCD26239A}.Debug|iPhone.Deploy.0 = Debug|Any CPU
		{06BEE941-3CE2-427F-A47A-91ADCD26239A}.Debug|iPhoneSimulator.ActiveCfg = Debug|Any CPU
		{06BEE941-3CE2-427F-A47A-91ADCD26239A}.Debug|iPhoneSimulator.Build.0 = Debug|Any CPU
		{06BEE941-3CE2-427F-A47A-91ADCD26239A}.Debug|iPhoneSimulator.Deploy.0 = Debug|Any CPU
		{06BEE941-3CE2-427F-A47A-91ADCD26239A}.Debug|x64.ActiveCfg = Debug|Any CPU
		{06BEE941-3CE2-427F-A47A-91ADCD26239A}.Debug|x64.Build.0 = Debug|Any CPU
		{06BEE941-3CE2-427F-A47A-91ADCD26239A}.Debug|x64.Deploy.0 = Debug|Any CPU
		{06BEE941-3CE2-427F-A47A-91ADCD26239A}.Debug|x86.ActiveCfg = Debug|Any CPU
		{06BEE941-3CE2-427F-A47A-91ADCD26239A}.Debug|x86.Build.0 = Debug|Any CPU
		{06BEE941-3CE2-427F-A47A-91ADCD26239A}.Debug|x86.Deploy.0 = Debug|Any CPU
		{06BEE941-3CE2-427F-A47A-91ADCD26239A}.Release|Any CPU.ActiveCfg = Release|Any CPU
		{06BEE941-3CE2-427F-A47A-91ADCD26239A}.Release|Any CPU.Build.0 = Release|Any CPU
		{06BEE941-3CE2-427F-A47A-91ADCD26239A}.Release|Any CPU.Deploy.0 = Release|Any CPU
		{06BEE941-3CE2-427F-A47A-91ADCD26239A}.Release|ARM.ActiveCfg = Release|Any CPU
		{06BEE941-3CE2-427F-A47A-91ADCD26239A}.Release|ARM.Build.0 = Release|Any CPU
		{06BEE941-3CE2-427F-A47A-91ADCD26239A}.Release|ARM.Deploy.0 = Release|Any CPU
		{06BEE941-3CE2-427F-A47A-91ADCD26239A}.Release|iPhone.ActiveCfg = Release|Any CPU
		{06BEE941-3CE2-427F-A47A-91ADCD26239A}.Release|iPhone.Build.0 = Release|Any CPU
		{06BEE941-3CE2-427F-A47A-91ADCD26239A}.Release|iPhone.Deploy.0 = Release|Any CPU
		{06BEE941-3CE2-427F-A47A-91ADCD26239A}.Release|iPhoneSimulator.ActiveCfg = Release|Any CPU
		{06BEE941-3CE2-427F-A47A-91ADCD26239A}.Release|iPhoneSimulator.Build.0 = Release|Any CPU
		{06BEE941-3CE2-427F-A47A-91ADCD26239A}.Release|iPhoneSimulator.Deploy.0 = Release|Any CPU
		{06BEE941-3CE2-427F-A47A-91ADCD26239A}.Release|x64.ActiveCfg = Release|Any CPU
		{06BEE941-3CE2-427F-A47A-91ADCD26239A}.Release|x64.Build.0 = Release|Any CPU
		{06BEE941-3CE2-427F-A47A-91ADCD26239A}.Release|x64.Deploy.0 = Release|Any CPU
		{06BEE941-3CE2-427F-A47A-91ADCD26239A}.Release|x86.ActiveCfg = Release|Any CPU
		{06BEE941-3CE2-427F-A47A-91ADCD26239A}.Release|x86.Build.0 = Release|Any CPU
		{06BEE941-3CE2-427F-A47A-91ADCD26239A}.Release|x86.Deploy.0 = Release|Any CPU
		{AB03D4E2-63B5-4334-B4C7-096741345AA0}.Ad-Hoc|Any CPU.ActiveCfg = Ad-Hoc|iPhone
		{AB03D4E2-63B5-4334-B4C7-096741345AA0}.Ad-Hoc|ARM.ActiveCfg = Ad-Hoc|iPhone
		{AB03D4E2-63B5-4334-B4C7-096741345AA0}.Ad-Hoc|iPhone.ActiveCfg = Ad-Hoc|iPhone
		{AB03D4E2-63B5-4334-B4C7-096741345AA0}.Ad-Hoc|iPhone.Build.0 = Ad-Hoc|iPhone
		{AB03D4E2-63B5-4334-B4C7-096741345AA0}.Ad-Hoc|iPhoneSimulator.ActiveCfg = Ad-Hoc|iPhoneSimulator
		{AB03D4E2-63B5-4334-B4C7-096741345AA0}.Ad-Hoc|iPhoneSimulator.Build.0 = Ad-Hoc|iPhoneSimulator
		{AB03D4E2-63B5-4334-B4C7-096741345AA0}.Ad-Hoc|x64.ActiveCfg = Ad-Hoc|iPhone
		{AB03D4E2-63B5-4334-B4C7-096741345AA0}.Ad-Hoc|x86.ActiveCfg = Ad-Hoc|iPhone
		{AB03D4E2-63B5-4334-B4C7-096741345AA0}.AppStore|Any CPU.ActiveCfg = AppStore|iPhone
		{AB03D4E2-63B5-4334-B4C7-096741345AA0}.AppStore|ARM.ActiveCfg = AppStore|iPhone
		{AB03D4E2-63B5-4334-B4C7-096741345AA0}.AppStore|iPhone.ActiveCfg = AppStore|iPhone
		{AB03D4E2-63B5-4334-B4C7-096741345AA0}.AppStore|iPhone.Build.0 = AppStore|iPhone
		{AB03D4E2-63B5-4334-B4C7-096741345AA0}.AppStore|iPhoneSimulator.ActiveCfg = AppStore|iPhoneSimulator
		{AB03D4E2-63B5-4334-B4C7-096741345AA0}.AppStore|iPhoneSimulator.Build.0 = AppStore|iPhoneSimulator
		{AB03D4E2-63B5-4334-B4C7-096741345AA0}.AppStore|x64.ActiveCfg = AppStore|iPhone
		{AB03D4E2-63B5-4334-B4C7-096741345AA0}.AppStore|x86.ActiveCfg = AppStore|iPhone
		{AB03D4E2-63B5-4334-B4C7-096741345AA0}.Debug|Any CPU.ActiveCfg = Debug|iPhone
		{AB03D4E2-63B5-4334-B4C7-096741345AA0}.Debug|ARM.ActiveCfg = Debug|iPhone
		{AB03D4E2-63B5-4334-B4C7-096741345AA0}.Debug|iPhone.ActiveCfg = Debug|iPhone
		{AB03D4E2-63B5-4334-B4C7-096741345AA0}.Debug|iPhone.Build.0 = Debug|iPhone
		{AB03D4E2-63B5-4334-B4C7-096741345AA0}.Debug|iPhoneSimulator.ActiveCfg = Debug|iPhoneSimulator
		{AB03D4E2-63B5-4334-B4C7-096741345AA0}.Debug|iPhoneSimulator.Build.0 = Debug|iPhoneSimulator
		{AB03D4E2-63B5-4334-B4C7-096741345AA0}.Debug|x64.ActiveCfg = Debug|iPhone
		{AB03D4E2-63B5-4334-B4C7-096741345AA0}.Debug|x86.ActiveCfg = Debug|iPhone
		{AB03D4E2-63B5-4334-B4C7-096741345AA0}.Release|Any CPU.ActiveCfg = Release|iPhone
		{AB03D4E2-63B5-4334-B4C7-096741345AA0}.Release|ARM.ActiveCfg = Release|iPhone
		{AB03D4E2-63B5-4334-B4C7-096741345AA0}.Release|iPhone.ActiveCfg = Release|iPhone
		{AB03D4E2-63B5-4334-B4C7-096741345AA0}.Release|iPhone.Build.0 = Release|iPhone
		{AB03D4E2-63B5-4334-B4C7-096741345AA0}.Release|iPhoneSimulator.ActiveCfg = Release|iPhoneSimulator
		{AB03D4E2-63B5-4334-B4C7-096741345AA0}.Release|iPhoneSimulator.Build.0 = Release|iPhoneSimulator
		{AB03D4E2-63B5-4334-B4C7-096741345AA0}.Release|x64.ActiveCfg = Release|iPhone
		{AB03D4E2-63B5-4334-B4C7-096741345AA0}.Release|x86.ActiveCfg = Release|iPhone
		{D0FC537C-4817-43BD-8D87-9B80931E5151}.Ad-Hoc|Any CPU.ActiveCfg = Release|Any CPU
		{D0FC537C-4817-43BD-8D87-9B80931E5151}.Ad-Hoc|Any CPU.Build.0 = Release|Any CPU
		{D0FC537C-4817-43BD-8D87-9B80931E5151}.Ad-Hoc|Any CPU.Deploy.0 = Release|Any CPU
		{D0FC537C-4817-43BD-8D87-9B80931E5151}.Ad-Hoc|ARM.ActiveCfg = Release|ARM
		{D0FC537C-4817-43BD-8D87-9B80931E5151}.Ad-Hoc|ARM.Build.0 = Release|ARM
		{D0FC537C-4817-43BD-8D87-9B80931E5151}.Ad-Hoc|ARM.Deploy.0 = Release|ARM
		{D0FC537C-4817-43BD-8D87-9B80931E5151}.Ad-Hoc|iPhone.ActiveCfg = Release|Any CPU
		{D0FC537C-4817-43BD-8D87-9B80931E5151}.Ad-Hoc|iPhone.Build.0 = Release|Any CPU
		{D0FC537C-4817-43BD-8D87-9B80931E5151}.Ad-Hoc|iPhone.Deploy.0 = Release|Any CPU
		{D0FC537C-4817-43BD-8D87-9B80931E5151}.Ad-Hoc|iPhoneSimulator.ActiveCfg = Release|Any CPU
		{D0FC537C-4817-43BD-8D87-9B80931E5151}.Ad-Hoc|iPhoneSimulator.Build.0 = Release|Any CPU
		{D0FC537C-4817-43BD-8D87-9B80931E5151}.Ad-Hoc|iPhoneSimulator.Deploy.0 = Release|Any CPU
		{D0FC537C-4817-43BD-8D87-9B80931E5151}.Ad-Hoc|x64.ActiveCfg = Release|Any CPU
		{D0FC537C-4817-43BD-8D87-9B80931E5151}.Ad-Hoc|x64.Build.0 = Release|Any CPU
		{D0FC537C-4817-43BD-8D87-9B80931E5151}.Ad-Hoc|x64.Deploy.0 = Release|Any CPU
		{D0FC537C-4817-43BD-8D87-9B80931E5151}.Ad-Hoc|x86.ActiveCfg = Release|x86
		{D0FC537C-4817-43BD-8D87-9B80931E5151}.Ad-Hoc|x86.Build.0 = Release|x86
		{D0FC537C-4817-43BD-8D87-9B80931E5151}.Ad-Hoc|x86.Deploy.0 = Release|x86
		{D0FC537C-4817-43BD-8D87-9B80931E5151}.AppStore|Any CPU.ActiveCfg = Release|Any CPU
		{D0FC537C-4817-43BD-8D87-9B80931E5151}.AppStore|Any CPU.Build.0 = Release|Any CPU
		{D0FC537C-4817-43BD-8D87-9B80931E5151}.AppStore|Any CPU.Deploy.0 = Release|Any CPU
		{D0FC537C-4817-43BD-8D87-9B80931E5151}.AppStore|ARM.ActiveCfg = Release|ARM
		{D0FC537C-4817-43BD-8D87-9B80931E5151}.AppStore|ARM.Build.0 = Release|ARM
		{D0FC537C-4817-43BD-8D87-9B80931E5151}.AppStore|ARM.Deploy.0 = Release|ARM
		{D0FC537C-4817-43BD-8D87-9B80931E5151}.AppStore|iPhone.ActiveCfg = Release|Any CPU
		{D0FC537C-4817-43BD-8D87-9B80931E5151}.AppStore|iPhone.Build.0 = Release|Any CPU
		{D0FC537C-4817-43BD-8D87-9B80931E5151}.AppStore|iPhone.Deploy.0 = Release|Any CPU
		{D0FC537C-4817-43BD-8D87-9B80931E5151}.AppStore|iPhoneSimulator.ActiveCfg = Release|Any CPU
		{D0FC537C-4817-43BD-8D87-9B80931E5151}.AppStore|iPhoneSimulator.Build.0 = Release|Any CPU
		{D0FC537C-4817-43BD-8D87-9B80931E5151}.AppStore|iPhoneSimulator.Deploy.0 = Release|Any CPU
		{D0FC537C-4817-43BD-8D87-9B80931E5151}.AppStore|x64.ActiveCfg = Release|Any CPU
		{D0FC537C-4817-43BD-8D87-9B80931E5151}.AppStore|x64.Build.0 = Release|Any CPU
		{D0FC537C-4817-43BD-8D87-9B80931E5151}.AppStore|x64.Deploy.0 = Release|Any CPU
		{D0FC537C-4817-43BD-8D87-9B80931E5151}.AppStore|x86.ActiveCfg = Release|x86
		{D0FC537C-4817-43BD-8D87-9B80931E5151}.AppStore|x86.Build.0 = Release|x86
		{D0FC537C-4817-43BD-8D87-9B80931E5151}.AppStore|x86.Deploy.0 = Release|x86
		{D0FC537C-4817-43BD-8D87-9B80931E5151}.Debug|Any CPU.ActiveCfg = Debug|Any CPU
		{D0FC537C-4817-43BD-8D87-9B80931E5151}.Debug|Any CPU.Build.0 = Debug|Any CPU
		{D0FC537C-4817-43BD-8D87-9B80931E5151}.Debug|Any CPU.Deploy.0 = Debug|Any CPU
		{D0FC537C-4817-43BD-8D87-9B80931E5151}.Debug|ARM.ActiveCfg = Debug|ARM
		{D0FC537C-4817-43BD-8D87-9B80931E5151}.Debug|ARM.Build.0 = Debug|ARM
		{D0FC537C-4817-43BD-8D87-9B80931E5151}.Debug|ARM.Deploy.0 = Debug|ARM
		{D0FC537C-4817-43BD-8D87-9B80931E5151}.Debug|iPhone.ActiveCfg = Debug|Any CPU
		{D0FC537C-4817-43BD-8D87-9B80931E5151}.Debug|iPhone.Build.0 = Debug|Any CPU
		{D0FC537C-4817-43BD-8D87-9B80931E5151}.Debug|iPhone.Deploy.0 = Debug|Any CPU
		{D0FC537C-4817-43BD-8D87-9B80931E5151}.Debug|iPhoneSimulator.ActiveCfg = Debug|Any CPU
		{D0FC537C-4817-43BD-8D87-9B80931E5151}.Debug|iPhoneSimulator.Build.0 = Debug|Any CPU
		{D0FC537C-4817-43BD-8D87-9B80931E5151}.Debug|iPhoneSimulator.Deploy.0 = Debug|Any CPU
		{D0FC537C-4817-43BD-8D87-9B80931E5151}.Debug|x64.ActiveCfg = Debug|Any CPU
		{D0FC537C-4817-43BD-8D87-9B80931E5151}.Debug|x64.Build.0 = Debug|Any CPU
		{D0FC537C-4817-43BD-8D87-9B80931E5151}.Debug|x64.Deploy.0 = Debug|Any CPU
		{D0FC537C-4817-43BD-8D87-9B80931E5151}.Debug|x86.ActiveCfg = Debug|x86
		{D0FC537C-4817-43BD-8D87-9B80931E5151}.Debug|x86.Build.0 = Debug|x86
		{D0FC537C-4817-43BD-8D87-9B80931E5151}.Debug|x86.Deploy.0 = Debug|x86
		{D0FC537C-4817-43BD-8D87-9B80931E5151}.Release|Any CPU.ActiveCfg = Release|Any CPU
		{D0FC537C-4817-43BD-8D87-9B80931E5151}.Release|Any CPU.Build.0 = Release|Any CPU
		{D0FC537C-4817-43BD-8D87-9B80931E5151}.Release|Any CPU.Deploy.0 = Release|Any CPU
		{D0FC537C-4817-43BD-8D87-9B80931E5151}.Release|ARM.ActiveCfg = Release|ARM
		{D0FC537C-4817-43BD-8D87-9B80931E5151}.Release|ARM.Build.0 = Release|ARM
		{D0FC537C-4817-43BD-8D87-9B80931E5151}.Release|ARM.Deploy.0 = Release|ARM
		{D0FC537C-4817-43BD-8D87-9B80931E5151}.Release|iPhone.ActiveCfg = Release|Any CPU
		{D0FC537C-4817-43BD-8D87-9B80931E5151}.Release|iPhone.Build.0 = Release|Any CPU
		{D0FC537C-4817-43BD-8D87-9B80931E5151}.Release|iPhone.Deploy.0 = Release|Any CPU
		{D0FC537C-4817-43BD-8D87-9B80931E5151}.Release|iPhoneSimulator.ActiveCfg = Release|Any CPU
		{D0FC537C-4817-43BD-8D87-9B80931E5151}.Release|iPhoneSimulator.Build.0 = Release|Any CPU
		{D0FC537C-4817-43BD-8D87-9B80931E5151}.Release|iPhoneSimulator.Deploy.0 = Release|Any CPU
		{D0FC537C-4817-43BD-8D87-9B80931E5151}.Release|x64.ActiveCfg = Release|Any CPU
		{D0FC537C-4817-43BD-8D87-9B80931E5151}.Release|x64.Build.0 = Release|Any CPU
		{D0FC537C-4817-43BD-8D87-9B80931E5151}.Release|x64.Deploy.0 = Release|Any CPU
		{D0FC537C-4817-43BD-8D87-9B80931E5151}.Release|x86.ActiveCfg = Release|x86
		{D0FC537C-4817-43BD-8D87-9B80931E5151}.Release|x86.Build.0 = Release|x86
		{D0FC537C-4817-43BD-8D87-9B80931E5151}.Release|x86.Deploy.0 = Release|x86
		{5E0EED92-C859-42C0-AB32-EE84AB693768}.Ad-Hoc|Any CPU.ActiveCfg = Release|x86
		{5E0EED92-C859-42C0-AB32-EE84AB693768}.Ad-Hoc|Any CPU.Build.0 = Release|x86
		{5E0EED92-C859-42C0-AB32-EE84AB693768}.Ad-Hoc|Any CPU.Deploy.0 = Release|x86
		{5E0EED92-C859-42C0-AB32-EE84AB693768}.Ad-Hoc|ARM.ActiveCfg = Release|ARM
		{5E0EED92-C859-42C0-AB32-EE84AB693768}.Ad-Hoc|ARM.Build.0 = Release|ARM
		{5E0EED92-C859-42C0-AB32-EE84AB693768}.Ad-Hoc|ARM.Deploy.0 = Release|ARM
		{5E0EED92-C859-42C0-AB32-EE84AB693768}.Ad-Hoc|iPhone.ActiveCfg = Release|x86
		{5E0EED92-C859-42C0-AB32-EE84AB693768}.Ad-Hoc|iPhone.Build.0 = Release|x86
		{5E0EED92-C859-42C0-AB32-EE84AB693768}.Ad-Hoc|iPhone.Deploy.0 = Release|x86
		{5E0EED92-C859-42C0-AB32-EE84AB693768}.Ad-Hoc|iPhoneSimulator.ActiveCfg = Release|x86
		{5E0EED92-C859-42C0-AB32-EE84AB693768}.Ad-Hoc|iPhoneSimulator.Build.0 = Release|x86
		{5E0EED92-C859-42C0-AB32-EE84AB693768}.Ad-Hoc|iPhoneSimulator.Deploy.0 = Release|x86
		{5E0EED92-C859-42C0-AB32-EE84AB693768}.Ad-Hoc|x64.ActiveCfg = Release|x64
		{5E0EED92-C859-42C0-AB32-EE84AB693768}.Ad-Hoc|x64.Build.0 = Release|x64
		{5E0EED92-C859-42C0-AB32-EE84AB693768}.Ad-Hoc|x64.Deploy.0 = Release|x64
		{5E0EED92-C859-42C0-AB32-EE84AB693768}.Ad-Hoc|x86.ActiveCfg = Release|x86
		{5E0EED92-C859-42C0-AB32-EE84AB693768}.Ad-Hoc|x86.Build.0 = Release|x86
		{5E0EED92-C859-42C0-AB32-EE84AB693768}.Ad-Hoc|x86.Deploy.0 = Release|x86
		{5E0EED92-C859-42C0-AB32-EE84AB693768}.AppStore|Any CPU.ActiveCfg = Release|x86
		{5E0EED92-C859-42C0-AB32-EE84AB693768}.AppStore|Any CPU.Build.0 = Release|x86
		{5E0EED92-C859-42C0-AB32-EE84AB693768}.AppStore|Any CPU.Deploy.0 = Release|x86
		{5E0EED92-C859-42C0-AB32-EE84AB693768}.AppStore|ARM.ActiveCfg = Release|ARM
		{5E0EED92-C859-42C0-AB32-EE84AB693768}.AppStore|ARM.Build.0 = Release|ARM
		{5E0EED92-C859-42C0-AB32-EE84AB693768}.AppStore|ARM.Deploy.0 = Release|ARM
		{5E0EED92-C859-42C0-AB32-EE84AB693768}.AppStore|iPhone.ActiveCfg = Release|x86
		{5E0EED92-C859-42C0-AB32-EE84AB693768}.AppStore|iPhone.Build.0 = Release|x86
		{5E0EED92-C859-42C0-AB32-EE84AB693768}.AppStore|iPhone.Deploy.0 = Release|x86
		{5E0EED92-C859-42C0-AB32-EE84AB693768}.AppStore|iPhoneSimulator.ActiveCfg = Release|x86
		{5E0EED92-C859-42C0-AB32-EE84AB693768}.AppStore|iPhoneSimulator.Build.0 = Release|x86
		{5E0EED92-C859-42C0-AB32-EE84AB693768}.AppStore|iPhoneSimulator.Deploy.0 = Release|x86
		{5E0EED92-C859-42C0-AB32-EE84AB693768}.AppStore|x64.ActiveCfg = Release|x64
		{5E0EED92-C859-42C0-AB32-EE84AB693768}.AppStore|x64.Build.0 = Release|x64
		{5E0EED92-C859-42C0-AB32-EE84AB693768}.AppStore|x64.Deploy.0 = Release|x64
		{5E0EED92-C859-42C0-AB32-EE84AB693768}.AppStore|x86.ActiveCfg = Release|x86
		{5E0EED92-C859-42C0-AB32-EE84AB693768}.AppStore|x86.Build.0 = Release|x86
		{5E0EED92-C859-42C0-AB32-EE84AB693768}.AppStore|x86.Deploy.0 = Release|x86
		{5E0EED92-C859-42C0-AB32-EE84AB693768}.Debug|Any CPU.ActiveCfg = Debug|x86
		{5E0EED92-C859-42C0-AB32-EE84AB693768}.Debug|Any CPU.Build.0 = Debug|x86
		{5E0EED92-C859-42C0-AB32-EE84AB693768}.Debug|Any CPU.Deploy.0 = Debug|x86
		{5E0EED92-C859-42C0-AB32-EE84AB693768}.Debug|ARM.ActiveCfg = Debug|ARM
		{5E0EED92-C859-42C0-AB32-EE84AB693768}.Debug|ARM.Build.0 = Debug|ARM
		{5E0EED92-C859-42C0-AB32-EE84AB693768}.Debug|ARM.Deploy.0 = Debug|ARM
		{5E0EED92-C859-42C0-AB32-EE84AB693768}.Debug|iPhone.ActiveCfg = Debug|x86
		{5E0EED92-C859-42C0-AB32-EE84AB693768}.Debug|iPhoneSimulator.ActiveCfg = Debug|x86
		{5E0EED92-C859-42C0-AB32-EE84AB693768}.Debug|x64.ActiveCfg = Debug|x64
		{5E0EED92-C859-42C0-AB32-EE84AB693768}.Debug|x64.Build.0 = Debug|x64
		{5E0EED92-C859-42C0-AB32-EE84AB693768}.Debug|x64.Deploy.0 = Debug|x64
		{5E0EED92-C859-42C0-AB32-EE84AB693768}.Debug|x86.ActiveCfg = Debug|x86
		{5E0EED92-C859-42C0-AB32-EE84AB693768}.Debug|x86.Build.0 = Debug|x86
		{5E0EED92-C859-42C0-AB32-EE84AB693768}.Debug|x86.Deploy.0 = Debug|x86
		{5E0EED92-C859-42C0-AB32-EE84AB693768}.Release|Any CPU.ActiveCfg = Release|x86
		{5E0EED92-C859-42C0-AB32-EE84AB693768}.Release|ARM.ActiveCfg = Release|ARM
		{5E0EED92-C859-42C0-AB32-EE84AB693768}.Release|ARM.Build.0 = Release|ARM
		{5E0EED92-C859-42C0-AB32-EE84AB693768}.Release|ARM.Deploy.0 = Release|ARM
		{5E0EED92-C859-42C0-AB32-EE84AB693768}.Release|iPhone.ActiveCfg = Release|x86
		{5E0EED92-C859-42C0-AB32-EE84AB693768}.Release|iPhoneSimulator.ActiveCfg = Release|x86
		{5E0EED92-C859-42C0-AB32-EE84AB693768}.Release|x64.ActiveCfg = Release|x64
		{5E0EED92-C859-42C0-AB32-EE84AB693768}.Release|x64.Build.0 = Release|x64
		{5E0EED92-C859-42C0-AB32-EE84AB693768}.Release|x64.Deploy.0 = Release|x64
		{5E0EED92-C859-42C0-AB32-EE84AB693768}.Release|x86.ActiveCfg = Release|x86
		{5E0EED92-C859-42C0-AB32-EE84AB693768}.Release|x86.Build.0 = Release|x86
		{5E0EED92-C859-42C0-AB32-EE84AB693768}.Release|x86.Deploy.0 = Release|x86
		{F8B20D06-C402-4F63-A974-2F04D2A8EA46}.Ad-Hoc|Any CPU.ActiveCfg = Release|Any CPU
		{F8B20D06-C402-4F63-A974-2F04D2A8EA46}.Ad-Hoc|Any CPU.Build.0 = Release|Any CPU
		{F8B20D06-C402-4F63-A974-2F04D2A8EA46}.Ad-Hoc|Any CPU.Deploy.0 = Release|Any CPU
		{F8B20D06-C402-4F63-A974-2F04D2A8EA46}.Ad-Hoc|ARM.ActiveCfg = Release|ARM
		{F8B20D06-C402-4F63-A974-2F04D2A8EA46}.Ad-Hoc|ARM.Build.0 = Release|ARM
		{F8B20D06-C402-4F63-A974-2F04D2A8EA46}.Ad-Hoc|ARM.Deploy.0 = Release|ARM
		{F8B20D06-C402-4F63-A974-2F04D2A8EA46}.Ad-Hoc|iPhone.ActiveCfg = Release|Any CPU
		{F8B20D06-C402-4F63-A974-2F04D2A8EA46}.Ad-Hoc|iPhone.Build.0 = Release|Any CPU
		{F8B20D06-C402-4F63-A974-2F04D2A8EA46}.Ad-Hoc|iPhone.Deploy.0 = Release|Any CPU
		{F8B20D06-C402-4F63-A974-2F04D2A8EA46}.Ad-Hoc|iPhoneSimulator.ActiveCfg = Release|Any CPU
		{F8B20D06-C402-4F63-A974-2F04D2A8EA46}.Ad-Hoc|iPhoneSimulator.Build.0 = Release|Any CPU
		{F8B20D06-C402-4F63-A974-2F04D2A8EA46}.Ad-Hoc|iPhoneSimulator.Deploy.0 = Release|Any CPU
		{F8B20D06-C402-4F63-A974-2F04D2A8EA46}.Ad-Hoc|x64.ActiveCfg = Release|x64
		{F8B20D06-C402-4F63-A974-2F04D2A8EA46}.Ad-Hoc|x64.Build.0 = Release|x64
		{F8B20D06-C402-4F63-A974-2F04D2A8EA46}.Ad-Hoc|x64.Deploy.0 = Release|x64
		{F8B20D06-C402-4F63-A974-2F04D2A8EA46}.Ad-Hoc|x86.ActiveCfg = Release|x86
		{F8B20D06-C402-4F63-A974-2F04D2A8EA46}.Ad-Hoc|x86.Build.0 = Release|x86
		{F8B20D06-C402-4F63-A974-2F04D2A8EA46}.Ad-Hoc|x86.Deploy.0 = Release|x86
		{F8B20D06-C402-4F63-A974-2F04D2A8EA46}.AppStore|Any CPU.ActiveCfg = Release|Any CPU
		{F8B20D06-C402-4F63-A974-2F04D2A8EA46}.AppStore|Any CPU.Build.0 = Release|Any CPU
		{F8B20D06-C402-4F63-A974-2F04D2A8EA46}.AppStore|Any CPU.Deploy.0 = Release|Any CPU
		{F8B20D06-C402-4F63-A974-2F04D2A8EA46}.AppStore|ARM.ActiveCfg = Release|ARM
		{F8B20D06-C402-4F63-A974-2F04D2A8EA46}.AppStore|ARM.Build.0 = Release|ARM
		{F8B20D06-C402-4F63-A974-2F04D2A8EA46}.AppStore|ARM.Deploy.0 = Release|ARM
		{F8B20D06-C402-4F63-A974-2F04D2A8EA46}.AppStore|iPhone.ActiveCfg = Release|Any CPU
		{F8B20D06-C402-4F63-A974-2F04D2A8EA46}.AppStore|iPhone.Build.0 = Release|Any CPU
		{F8B20D06-C402-4F63-A974-2F04D2A8EA46}.AppStore|iPhone.Deploy.0 = Release|Any CPU
		{F8B20D06-C402-4F63-A974-2F04D2A8EA46}.AppStore|iPhoneSimulator.ActiveCfg = Release|Any CPU
		{F8B20D06-C402-4F63-A974-2F04D2A8EA46}.AppStore|iPhoneSimulator.Build.0 = Release|Any CPU
		{F8B20D06-C402-4F63-A974-2F04D2A8EA46}.AppStore|iPhoneSimulator.Deploy.0 = Release|Any CPU
		{F8B20D06-C402-4F63-A974-2F04D2A8EA46}.AppStore|x64.ActiveCfg = Release|x64
		{F8B20D06-C402-4F63-A974-2F04D2A8EA46}.AppStore|x64.Build.0 = Release|x64
		{F8B20D06-C402-4F63-A974-2F04D2A8EA46}.AppStore|x64.Deploy.0 = Release|x64
		{F8B20D06-C402-4F63-A974-2F04D2A8EA46}.AppStore|x86.ActiveCfg = Release|x86
		{F8B20D06-C402-4F63-A974-2F04D2A8EA46}.AppStore|x86.Build.0 = Release|x86
		{F8B20D06-C402-4F63-A974-2F04D2A8EA46}.AppStore|x86.Deploy.0 = Release|x86
		{F8B20D06-C402-4F63-A974-2F04D2A8EA46}.Debug|Any CPU.ActiveCfg = Debug|Any CPU
		{F8B20D06-C402-4F63-A974-2F04D2A8EA46}.Debug|Any CPU.Build.0 = Debug|Any CPU
		{F8B20D06-C402-4F63-A974-2F04D2A8EA46}.Debug|Any CPU.Deploy.0 = Debug|Any CPU
		{F8B20D06-C402-4F63-A974-2F04D2A8EA46}.Debug|ARM.ActiveCfg = Debug|ARM
		{F8B20D06-C402-4F63-A974-2F04D2A8EA46}.Debug|ARM.Build.0 = Debug|ARM
		{F8B20D06-C402-4F63-A974-2F04D2A8EA46}.Debug|ARM.Deploy.0 = Debug|ARM
		{F8B20D06-C402-4F63-A974-2F04D2A8EA46}.Debug|iPhone.ActiveCfg = Debug|Any CPU
		{F8B20D06-C402-4F63-A974-2F04D2A8EA46}.Debug|iPhone.Build.0 = Debug|Any CPU
		{F8B20D06-C402-4F63-A974-2F04D2A8EA46}.Debug|iPhone.Deploy.0 = Debug|Any CPU
		{F8B20D06-C402-4F63-A974-2F04D2A8EA46}.Debug|iPhoneSimulator.ActiveCfg = Debug|Any CPU
		{F8B20D06-C402-4F63-A974-2F04D2A8EA46}.Debug|iPhoneSimulator.Build.0 = Debug|Any CPU
		{F8B20D06-C402-4F63-A974-2F04D2A8EA46}.Debug|iPhoneSimulator.Deploy.0 = Debug|Any CPU
		{F8B20D06-C402-4F63-A974-2F04D2A8EA46}.Debug|x64.ActiveCfg = Debug|x64
		{F8B20D06-C402-4F63-A974-2F04D2A8EA46}.Debug|x64.Build.0 = Debug|x64
		{F8B20D06-C402-4F63-A974-2F04D2A8EA46}.Debug|x64.Deploy.0 = Debug|x64
		{F8B20D06-C402-4F63-A974-2F04D2A8EA46}.Debug|x86.ActiveCfg = Debug|x86
		{F8B20D06-C402-4F63-A974-2F04D2A8EA46}.Debug|x86.Build.0 = Debug|x86
		{F8B20D06-C402-4F63-A974-2F04D2A8EA46}.Debug|x86.Deploy.0 = Debug|x86
		{F8B20D06-C402-4F63-A974-2F04D2A8EA46}.Release|Any CPU.ActiveCfg = Release|Any CPU
		{F8B20D06-C402-4F63-A974-2F04D2A8EA46}.Release|Any CPU.Build.0 = Release|Any CPU
		{F8B20D06-C402-4F63-A974-2F04D2A8EA46}.Release|Any CPU.Deploy.0 = Release|Any CPU
		{F8B20D06-C402-4F63-A974-2F04D2A8EA46}.Release|ARM.ActiveCfg = Release|ARM
		{F8B20D06-C402-4F63-A974-2F04D2A8EA46}.Release|ARM.Build.0 = Release|ARM
		{F8B20D06-C402-4F63-A974-2F04D2A8EA46}.Release|ARM.Deploy.0 = Release|ARM
		{F8B20D06-C402-4F63-A974-2F04D2A8EA46}.Release|iPhone.ActiveCfg = Release|Any CPU
		{F8B20D06-C402-4F63-A974-2F04D2A8EA46}.Release|iPhone.Build.0 = Release|Any CPU
		{F8B20D06-C402-4F63-A974-2F04D2A8EA46}.Release|iPhone.Deploy.0 = Release|Any CPU
		{F8B20D06-C402-4F63-A974-2F04D2A8EA46}.Release|iPhoneSimulator.ActiveCfg = Release|Any CPU
		{F8B20D06-C402-4F63-A974-2F04D2A8EA46}.Release|iPhoneSimulator.Build.0 = Release|Any CPU
		{F8B20D06-C402-4F63-A974-2F04D2A8EA46}.Release|iPhoneSimulator.Deploy.0 = Release|Any CPU
		{F8B20D06-C402-4F63-A974-2F04D2A8EA46}.Release|x64.ActiveCfg = Release|x64
		{F8B20D06-C402-4F63-A974-2F04D2A8EA46}.Release|x64.Build.0 = Release|x64
		{F8B20D06-C402-4F63-A974-2F04D2A8EA46}.Release|x64.Deploy.0 = Release|x64
		{F8B20D06-C402-4F63-A974-2F04D2A8EA46}.Release|x86.ActiveCfg = Release|x86
		{F8B20D06-C402-4F63-A974-2F04D2A8EA46}.Release|x86.Build.0 = Release|x86
		{F8B20D06-C402-4F63-A974-2F04D2A8EA46}.Release|x86.Deploy.0 = Release|x86
		{FE743100-1FC5-4806-BA0A-C02D9E94D06D}.Ad-Hoc|Any CPU.ActiveCfg = Release|Any CPU
		{FE743100-1FC5-4806-BA0A-C02D9E94D06D}.Ad-Hoc|Any CPU.Build.0 = Release|Any CPU
		{FE743100-1FC5-4806-BA0A-C02D9E94D06D}.Ad-Hoc|ARM.ActiveCfg = Release|Any CPU
		{FE743100-1FC5-4806-BA0A-C02D9E94D06D}.Ad-Hoc|ARM.Build.0 = Release|Any CPU
		{FE743100-1FC5-4806-BA0A-C02D9E94D06D}.Ad-Hoc|iPhone.ActiveCfg = Release|Any CPU
		{FE743100-1FC5-4806-BA0A-C02D9E94D06D}.Ad-Hoc|iPhone.Build.0 = Release|Any CPU
		{FE743100-1FC5-4806-BA0A-C02D9E94D06D}.Ad-Hoc|iPhoneSimulator.ActiveCfg = Release|Any CPU
		{FE743100-1FC5-4806-BA0A-C02D9E94D06D}.Ad-Hoc|iPhoneSimulator.Build.0 = Release|Any CPU
		{FE743100-1FC5-4806-BA0A-C02D9E94D06D}.Ad-Hoc|x64.ActiveCfg = Release|Any CPU
		{FE743100-1FC5-4806-BA0A-C02D9E94D06D}.Ad-Hoc|x64.Build.0 = Release|Any CPU
		{FE743100-1FC5-4806-BA0A-C02D9E94D06D}.Ad-Hoc|x86.ActiveCfg = Release|Any CPU
		{FE743100-1FC5-4806-BA0A-C02D9E94D06D}.Ad-Hoc|x86.Build.0 = Release|Any CPU
		{FE743100-1FC5-4806-BA0A-C02D9E94D06D}.AppStore|Any CPU.ActiveCfg = Release|Any CPU
		{FE743100-1FC5-4806-BA0A-C02D9E94D06D}.AppStore|Any CPU.Build.0 = Release|Any CPU
		{FE743100-1FC5-4806-BA0A-C02D9E94D06D}.AppStore|ARM.ActiveCfg = Release|Any CPU
		{FE743100-1FC5-4806-BA0A-C02D9E94D06D}.AppStore|ARM.Build.0 = Release|Any CPU
		{FE743100-1FC5-4806-BA0A-C02D9E94D06D}.AppStore|iPhone.ActiveCfg = Release|Any CPU
		{FE743100-1FC5-4806-BA0A-C02D9E94D06D}.AppStore|iPhone.Build.0 = Release|Any CPU
		{FE743100-1FC5-4806-BA0A-C02D9E94D06D}.AppStore|iPhoneSimulator.ActiveCfg = Release|Any CPU
		{FE743100-1FC5-4806-BA0A-C02D9E94D06D}.AppStore|iPhoneSimulator.Build.0 = Release|Any CPU
		{FE743100-1FC5-4806-BA0A-C02D9E94D06D}.AppStore|x64.ActiveCfg = Release|Any CPU
		{FE743100-1FC5-4806-BA0A-C02D9E94D06D}.AppStore|x64.Build.0 = Release|Any CPU
		{FE743100-1FC5-4806-BA0A-C02D9E94D06D}.AppStore|x86.ActiveCfg = Release|Any CPU
		{FE743100-1FC5-4806-BA0A-C02D9E94D06D}.AppStore|x86.Build.0 = Release|Any CPU
		{FE743100-1FC5-4806-BA0A-C02D9E94D06D}.Debug|Any CPU.ActiveCfg = Debug|Any CPU
		{FE743100-1FC5-4806-BA0A-C02D9E94D06D}.Debug|Any CPU.Build.0 = Debug|Any CPU
		{FE743100-1FC5-4806-BA0A-C02D9E94D06D}.Debug|ARM.ActiveCfg = Debug|Any CPU
		{FE743100-1FC5-4806-BA0A-C02D9E94D06D}.Debug|ARM.Build.0 = Debug|Any CPU
		{FE743100-1FC5-4806-BA0A-C02D9E94D06D}.Debug|iPhone.ActiveCfg = Debug|Any CPU
		{FE743100-1FC5-4806-BA0A-C02D9E94D06D}.Debug|iPhone.Build.0 = Debug|Any CPU
		{FE743100-1FC5-4806-BA0A-C02D9E94D06D}.Debug|iPhoneSimulator.ActiveCfg = Debug|Any CPU
		{FE743100-1FC5-4806-BA0A-C02D9E94D06D}.Debug|iPhoneSimulator.Build.0 = Debug|Any CPU
		{FE743100-1FC5-4806-BA0A-C02D9E94D06D}.Debug|x64.ActiveCfg = Debug|Any CPU
		{FE743100-1FC5-4806-BA0A-C02D9E94D06D}.Debug|x64.Build.0 = Debug|Any CPU
		{FE743100-1FC5-4806-BA0A-C02D9E94D06D}.Debug|x86.ActiveCfg = Debug|Any CPU
		{FE743100-1FC5-4806-BA0A-C02D9E94D06D}.Debug|x86.Build.0 = Debug|Any CPU
		{FE743100-1FC5-4806-BA0A-C02D9E94D06D}.Release|Any CPU.ActiveCfg = Release|Any CPU
		{FE743100-1FC5-4806-BA0A-C02D9E94D06D}.Release|Any CPU.Build.0 = Release|Any CPU
		{FE743100-1FC5-4806-BA0A-C02D9E94D06D}.Release|ARM.ActiveCfg = Release|Any CPU
		{FE743100-1FC5-4806-BA0A-C02D9E94D06D}.Release|ARM.Build.0 = Release|Any CPU
		{FE743100-1FC5-4806-BA0A-C02D9E94D06D}.Release|iPhone.ActiveCfg = Release|Any CPU
		{FE743100-1FC5-4806-BA0A-C02D9E94D06D}.Release|iPhone.Build.0 = Release|Any CPU
		{FE743100-1FC5-4806-BA0A-C02D9E94D06D}.Release|iPhoneSimulator.ActiveCfg = Release|Any CPU
		{FE743100-1FC5-4806-BA0A-C02D9E94D06D}.Release|iPhoneSimulator.Build.0 = Release|Any CPU
		{FE743100-1FC5-4806-BA0A-C02D9E94D06D}.Release|x64.ActiveCfg = Release|Any CPU
		{FE743100-1FC5-4806-BA0A-C02D9E94D06D}.Release|x64.Build.0 = Release|Any CPU
		{FE743100-1FC5-4806-BA0A-C02D9E94D06D}.Release|x86.ActiveCfg = Release|Any CPU
		{FE743100-1FC5-4806-BA0A-C02D9E94D06D}.Release|x86.Build.0 = Release|Any CPU
		{0FB3C174-882E-4CDE-AE68-D746F7CA7243}.Ad-Hoc|Any CPU.ActiveCfg = Release|Any CPU
		{0FB3C174-882E-4CDE-AE68-D746F7CA7243}.Ad-Hoc|Any CPU.Build.0 = Release|Any CPU
		{0FB3C174-882E-4CDE-AE68-D746F7CA7243}.Ad-Hoc|ARM.ActiveCfg = Release|Any CPU
		{0FB3C174-882E-4CDE-AE68-D746F7CA7243}.Ad-Hoc|ARM.Build.0 = Release|Any CPU
		{0FB3C174-882E-4CDE-AE68-D746F7CA7243}.Ad-Hoc|iPhone.ActiveCfg = Release|Any CPU
		{0FB3C174-882E-4CDE-AE68-D746F7CA7243}.Ad-Hoc|iPhone.Build.0 = Release|Any CPU
		{0FB3C174-882E-4CDE-AE68-D746F7CA7243}.Ad-Hoc|iPhoneSimulator.ActiveCfg = Release|Any CPU
		{0FB3C174-882E-4CDE-AE68-D746F7CA7243}.Ad-Hoc|iPhoneSimulator.Build.0 = Release|Any CPU
		{0FB3C174-882E-4CDE-AE68-D746F7CA7243}.Ad-Hoc|x64.ActiveCfg = Release|Any CPU
		{0FB3C174-882E-4CDE-AE68-D746F7CA7243}.Ad-Hoc|x64.Build.0 = Release|Any CPU
		{0FB3C174-882E-4CDE-AE68-D746F7CA7243}.Ad-Hoc|x86.ActiveCfg = Release|Any CPU
		{0FB3C174-882E-4CDE-AE68-D746F7CA7243}.Ad-Hoc|x86.Build.0 = Release|Any CPU
		{0FB3C174-882E-4CDE-AE68-D746F7CA7243}.AppStore|Any CPU.ActiveCfg = Release|Any CPU
		{0FB3C174-882E-4CDE-AE68-D746F7CA7243}.AppStore|Any CPU.Build.0 = Release|Any CPU
		{0FB3C174-882E-4CDE-AE68-D746F7CA7243}.AppStore|ARM.ActiveCfg = Release|Any CPU
		{0FB3C174-882E-4CDE-AE68-D746F7CA7243}.AppStore|ARM.Build.0 = Release|Any CPU
		{0FB3C174-882E-4CDE-AE68-D746F7CA7243}.AppStore|iPhone.ActiveCfg = Release|Any CPU
		{0FB3C174-882E-4CDE-AE68-D746F7CA7243}.AppStore|iPhone.Build.0 = Release|Any CPU
		{0FB3C174-882E-4CDE-AE68-D746F7CA7243}.AppStore|iPhoneSimulator.ActiveCfg = Release|Any CPU
		{0FB3C174-882E-4CDE-AE68-D746F7CA7243}.AppStore|iPhoneSimulator.Build.0 = Release|Any CPU
		{0FB3C174-882E-4CDE-AE68-D746F7CA7243}.AppStore|x64.ActiveCfg = Release|Any CPU
		{0FB3C174-882E-4CDE-AE68-D746F7CA7243}.AppStore|x64.Build.0 = Release|Any CPU
		{0FB3C174-882E-4CDE-AE68-D746F7CA7243}.AppStore|x86.ActiveCfg = Release|Any CPU
		{0FB3C174-882E-4CDE-AE68-D746F7CA7243}.AppStore|x86.Build.0 = Release|Any CPU
		{0FB3C174-882E-4CDE-AE68-D746F7CA7243}.Debug|Any CPU.ActiveCfg = Debug|Any CPU
		{0FB3C174-882E-4CDE-AE68-D746F7CA7243}.Debug|Any CPU.Build.0 = Debug|Any CPU
		{0FB3C174-882E-4CDE-AE68-D746F7CA7243}.Debug|ARM.ActiveCfg = Debug|Any CPU
		{0FB3C174-882E-4CDE-AE68-D746F7CA7243}.Debug|ARM.Build.0 = Debug|Any CPU
		{0FB3C174-882E-4CDE-AE68-D746F7CA7243}.Debug|iPhone.ActiveCfg = Debug|Any CPU
		{0FB3C174-882E-4CDE-AE68-D746F7CA7243}.Debug|iPhone.Build.0 = Debug|Any CPU
		{0FB3C174-882E-4CDE-AE68-D746F7CA7243}.Debug|iPhoneSimulator.ActiveCfg = Debug|Any CPU
		{0FB3C174-882E-4CDE-AE68-D746F7CA7243}.Debug|iPhoneSimulator.Build.0 = Debug|Any CPU
		{0FB3C174-882E-4CDE-AE68-D746F7CA7243}.Debug|x64.ActiveCfg = Debug|Any CPU
		{0FB3C174-882E-4CDE-AE68-D746F7CA7243}.Debug|x64.Build.0 = Debug|Any CPU
		{0FB3C174-882E-4CDE-AE68-D746F7CA7243}.Debug|x86.ActiveCfg = Debug|Any CPU
		{0FB3C174-882E-4CDE-AE68-D746F7CA7243}.Debug|x86.Build.0 = Debug|Any CPU
		{0FB3C174-882E-4CDE-AE68-D746F7CA7243}.Release|Any CPU.ActiveCfg = Release|Any CPU
		{0FB3C174-882E-4CDE-AE68-D746F7CA7243}.Release|Any CPU.Build.0 = Release|Any CPU
		{0FB3C174-882E-4CDE-AE68-D746F7CA7243}.Release|ARM.ActiveCfg = Release|Any CPU
		{0FB3C174-882E-4CDE-AE68-D746F7CA7243}.Release|ARM.Build.0 = Release|Any CPU
		{0FB3C174-882E-4CDE-AE68-D746F7CA7243}.Release|iPhone.ActiveCfg = Release|Any CPU
		{0FB3C174-882E-4CDE-AE68-D746F7CA7243}.Release|iPhone.Build.0 = Release|Any CPU
		{0FB3C174-882E-4CDE-AE68-D746F7CA7243}.Release|iPhoneSimulator.ActiveCfg = Release|Any CPU
		{0FB3C174-882E-4CDE-AE68-D746F7CA7243}.Release|iPhoneSimulator.Build.0 = Release|Any CPU
		{0FB3C174-882E-4CDE-AE68-D746F7CA7243}.Release|x64.ActiveCfg = Release|Any CPU
		{0FB3C174-882E-4CDE-AE68-D746F7CA7243}.Release|x64.Build.0 = Release|Any CPU
		{0FB3C174-882E-4CDE-AE68-D746F7CA7243}.Release|x86.ActiveCfg = Release|Any CPU
		{0FB3C174-882E-4CDE-AE68-D746F7CA7243}.Release|x86.Build.0 = Release|Any CPU
	EndGlobalSection
	GlobalSection(SolutionProperties) = preSolution
		HideSolutionNode = FALSE
	EndGlobalSection
	GlobalSection(NestedProjects) = preSolution
		{06BEE941-3CE2-427F-A47A-91ADCD26239A} = {E0D25800-04C0-4869-87C9-520ED7CC664F}
		{AB03D4E2-63B5-4334-B4C7-096741345AA0} = {E0D25800-04C0-4869-87C9-520ED7CC664F}
		{D0FC537C-4817-43BD-8D87-9B80931E5151} = {E0D25800-04C0-4869-87C9-520ED7CC664F}
		{5E0EED92-C859-42C0-AB32-EE84AB693768} = {E0D25800-04C0-4869-87C9-520ED7CC664F}
		{F8B20D06-C402-4F63-A974-2F04D2A8EA46} = {E0D25800-04C0-4869-87C9-520ED7CC664F}
		{FE743100-1FC5-4806-BA0A-C02D9E94D06D} = {E20A77BF-5FA7-496A-A121-26046398E49B}
		{0FB3C174-882E-4CDE-AE68-D746F7CA7243} = {9802A879-5067-47F4-8074-96F2600EE82D}
	EndGlobalSection
EndGlobal
